
Microsoft Visual Studio Solution File, Format Version 12.00
# Visual Studio 15
VisualStudioVersion = 15.0.27428.2037
MinimumVisualStudioVersion = 10.0.40219.1
Project("{FAE04EC0-301F-11D3-BF4B-00C04F79EFBC}") = "SZTElectronicInvoice", "SZTElectronicInvoice\SZTElectronicInvoice.csproj", "{8936F8E1-4773-4644-82A5-4D2652EA5507}"
EndProject
Project("{FAE04EC0-301F-11D3-BF4B-00C04F79EFBC}") = "TencentYoutuYunSDK", "TencentYoutuYunSDK\TencentYoutuYunSDK.csproj", "{D9AEF706-CFAE-4718-8187-9E0A34A5A477}"
EndProject
Global
	GlobalSection(SolutionConfigurationPlatforms) = preSolution
		Debug|Any CPU = Debug|Any CPU
		Release|Any CPU = Release|Any CPU
	EndGlobalSection
	GlobalSection(ProjectConfigurationPlatforms) = postSolution
		{8936F8E1-4773-4644-82A5-4D2652EA5507}.Debug|Any CPU.ActiveCfg = Debug|Any CPU
		{8936F8E1-4773-4644-82A5-4D2652EA5507}.Debug|Any CPU.Build.0 = Debug|Any CPU
		{8936F8E1-4773-4644-82A5-4D2652EA5507}.Release|Any CPU.ActiveCfg = Release|Any CPU
		{8936F8E1-4773-4644-82A5-4D2652EA5507}.Release|Any CPU.Build.0 = Release|Any CPU
		{D9AEF706-CFAE-4718-8187-9E0A34A5A477}.Debug|Any CPU.ActiveCfg = Debug|Any CPU
		{D9AEF706-CFAE-4718-8187-9E0A34A5A477}.Debug|Any CPU.Build.0 = Debug|Any CPU
		{D9AEF706-CFAE-4718-8187-9E0A34A5A477}.Release|Any CPU.ActiveCfg = Release|Any CPU
		{D9AEF706-CFAE-4718-8187-9E0A34A5A477}.Release|Any CPU.Build.0 = Release|Any CPU
	EndGlobalSection
	GlobalSection(SolutionProperties) = preSolution
		HideSolutionNode = FALSE
	EndGlobalSection
	GlobalSection(ExtensibilityGlobals) = postSolution
		SolutionGuid = {D2D6D6B7-6D56-4732-A3B9-ACEFF1B7C631}
	EndGlobalSection
EndGlobal
